
Microsoft Visual Studio Solution File, Format Version 12.00
# Visual Studio 15
Project("{FAE04EC0-301F-11D3-BF4B-00C04F79EFBC}") = "Assembly-CSharp", "Assembly-CSharp.csproj", "{BCF0DFE2-B91F-14A9-91AA-2FCA350651FE}"
EndProject
Global
	GlobalSection(SolutionConfigurationPlatforms) = preSolution
		Debug|Any CPU = Debug|Any CPU
		Release|Any CPU = Release|Any CPU
	EndGlobalSection
	GlobalSection(ProjectConfigurationPlatforms) = postSolution
		{BCF0DFE2-B91F-14A9-91AA-2FCA350651FE}.Debug|Any CPU.ActiveCfg = Debug|Any CPU
		{BCF0DFE2-B91F-14A9-91AA-2FCA350651FE}.Debug|Any CPU.Build.0 = Debug|Any CPU
		{BCF0DFE2-B91F-14A9-91AA-2FCA350651FE}.Release|Any CPU.ActiveCfg = Release|Any CPU
		{BCF0DFE2-B91F-14A9-91AA-2FCA350651FE}.Release|Any CPU.Build.0 = Release|Any CPU
	EndGlobalSection
	GlobalSection(SolutionProperties) = preSolution
		HideSolutionNode = FALSE
	EndGlobalSection
EndGlobal
